
Microsoft Visual Studio Solution File, Format Version 12.00
# Visual Studio Version 17
VisualStudioVersion = 17.14.36414.22 d17.14
MinimumVisualStudioVersion = 10.0.40219.1
Project("{FAE04EC0-301F-11D3-BF4B-00C04F79EFBC}") = "Task&TeamManagementSystem", "Task&TeamManagementSystem\Task&TeamManagementSystem.csproj", "{46082C27-8571-4463-AACD-1CE0B1F633C9}"
EndProject
Global
	GlobalSection(SolutionConfigurationPlatforms) = preSolution
		Debug|Any CPU = Debug|Any CPU
		Release|Any CPU = Release|Any CPU
	EndGlobalSection
	GlobalSection(ProjectConfigurationPlatforms) = postSolution
		{46082C27-8571-4463-AACD-1CE0B1F633C9}.Debug|Any CPU.ActiveCfg = Debug|Any CPU
		{46082C27-8571-4463-AACD-1CE0B1F633C9}.Debug|Any CPU.Build.0 = Debug|Any CPU
		{46082C27-8571-4463-AACD-1CE0B1F633C9}.Release|Any CPU.ActiveCfg = Release|Any CPU
		{46082C27-8571-4463-AACD-1CE0B1F633C9}.Release|Any CPU.Build.0 = Release|Any CPU
	EndGlobalSection
	GlobalSection(SolutionProperties) = preSolution
		HideSolutionNode = FALSE
	EndGlobalSection
	GlobalSection(ExtensibilityGlobals) = postSolution
		SolutionGuid = {A7AAEC0C-0ACD-4C8B-9144-C73C345EE9ED}
	EndGlobalSection
EndGlobal
